
Microsoft Visual Studio Solution File, Format Version 12.00
# Visual Studio Version 17
VisualStudioVersion = 17.12.35527.113 d17.12
MinimumVisualStudioVersion = 10.0.40219.1
Project("{FAE04EC0-301F-11D3-BF4B-00C04F79EFBC}") = "DataModel", "DataModel\DataModel.csproj", "{1415C242-F2A1-40B8-B6D4-4B685829C448}"
EndProject
Project("{FAE04EC0-301F-11D3-BF4B-00C04F79EFBC}") = "Dto", "Dto\Dto.csproj", "{3E29B01C-4905-4511-8819-E697129B1E67}"
EndProject
Project("{FAE04EC0-301F-11D3-BF4B-00C04F79EFBC}") = "Repositories", "Repositories\Repositories.csproj", "{5A34AF35-993C-4BBD-8845-12E681EF990C}"
EndProject
Project("{FAE04EC0-301F-11D3-BF4B-00C04F79EFBC}") = "BusinessLayer", "BusinessLayer\BusinessLayer.csproj", "{36E28B41-F5A7-4DFD-A715-983DEE1AD42E}"
EndProject
Project("{FAE04EC0-301F-11D3-BF4B-00C04F79EFBC}") = "WebUI", "WebUI\WebUI.csproj", "{D60DE48A-A9EE-4234-8FD1-561BB3D6D718}"
EndProject
Global
	GlobalSection(SolutionConfigurationPlatforms) = preSolution
		Debug|Any CPU = Debug|Any CPU
		Release|Any CPU = Release|Any CPU
	EndGlobalSection
	GlobalSection(ProjectConfigurationPlatforms) = postSolution
		{1415C242-F2A1-40B8-B6D4-4B685829C448}.Debug|Any CPU.ActiveCfg = Debug|Any CPU
		{1415C242-F2A1-40B8-B6D4-4B685829C448}.Debug|Any CPU.Build.0 = Debug|Any CPU
		{1415C242-F2A1-40B8-B6D4-4B685829C448}.Release|Any CPU.ActiveCfg = Release|Any CPU
		{1415C242-F2A1-40B8-B6D4-4B685829C448}.Release|Any CPU.Build.0 = Release|Any CPU
		{3E29B01C-4905-4511-8819-E697129B1E67}.Debug|Any CPU.ActiveCfg = Debug|Any CPU
		{3E29B01C-4905-4511-8819-E697129B1E67}.Debug|Any CPU.Build.0 = Debug|Any CPU
		{3E29B01C-4905-4511-8819-E697129B1E67}.Release|Any CPU.ActiveCfg = Release|Any CPU
		{3E29B01C-4905-4511-8819-E697129B1E67}.Release|Any CPU.Build.0 = Release|Any CPU
		{5A34AF35-993C-4BBD-8845-12E681EF990C}.Debug|Any CPU.ActiveCfg = Debug|Any CPU
		{5A34AF35-993C-4BBD-8845-12E681EF990C}.Debug|Any CPU.Build.0 = Debug|Any CPU
		{5A34AF35-993C-4BBD-8845-12E681EF990C}.Release|Any CPU.ActiveCfg = Release|Any CPU
		{5A34AF35-993C-4BBD-8845-12E681EF990C}.Release|Any CPU.Build.0 = Release|Any CPU
		{36E28B41-F5A7-4DFD-A715-983DEE1AD42E}.Debug|Any CPU.ActiveCfg = Debug|Any CPU
		{36E28B41-F5A7-4DFD-A715-983DEE1AD42E}.Debug|Any CPU.Build.0 = Debug|Any CPU
		{36E28B41-F5A7-4DFD-A715-983DEE1AD42E}.Release|Any CPU.ActiveCfg = Release|Any CPU
		{36E28B41-F5A7-4DFD-A715-983DEE1AD42E}.Release|Any CPU.Build.0 = Release|Any CPU
		{D60DE48A-A9EE-4234-8FD1-561BB3D6D718}.Debug|Any CPU.ActiveCfg = Debug|Any CPU
		{D60DE48A-A9EE-4234-8FD1-561BB3D6D718}.Debug|Any CPU.Build.0 = Debug|Any CPU
		{D60DE48A-A9EE-4234-8FD1-561BB3D6D718}.Release|Any CPU.ActiveCfg = Release|Any CPU
		{D60DE48A-A9EE-4234-8FD1-561BB3D6D718}.Release|Any CPU.Build.0 = Release|Any CPU
	EndGlobalSection
	GlobalSection(SolutionProperties) = preSolution
		HideSolutionNode = FALSE
	EndGlobalSection
EndGlobal
