
Microsoft Visual Studio Solution File, Format Version 12.00
# Visual Studio Version 17
VisualStudioVersion = 17.10.35122.118
MinimumVisualStudioVersion = 10.0.40219.1
Project("{FAE04EC0-301F-11D3-BF4B-00C04F79EFBC}") = "Inheritance", "Inheritance\Inheritance.csproj", "{DA204929-F492-4182-8ED0-CB0271583480}"
EndProject
Global
	GlobalSection(SolutionConfigurationPlatforms) = preSolution
		Debug|Any CPU = Debug|Any CPU
		Release|Any CPU = Release|Any CPU
	EndGlobalSection
	GlobalSection(ProjectConfigurationPlatforms) = postSolution
		{DA204929-F492-4182-8ED0-CB0271583480}.Debug|Any CPU.ActiveCfg = Debug|Any CPU
		{DA204929-F492-4182-8ED0-CB0271583480}.Debug|Any CPU.Build.0 = Debug|Any CPU
		{DA204929-F492-4182-8ED0-CB0271583480}.Release|Any CPU.ActiveCfg = Release|Any CPU
		{DA204929-F492-4182-8ED0-CB0271583480}.Release|Any CPU.Build.0 = Release|Any CPU
	EndGlobalSection
	GlobalSection(SolutionProperties) = preSolution
		HideSolutionNode = FALSE
	EndGlobalSection
	GlobalSection(ExtensibilityGlobals) = postSolution
		SolutionGuid = {75C71228-0FE7-4F03-8728-FABA1A85AA63}
	EndGlobalSection
EndGlobal
