
Microsoft Visual Studio Solution File, Format Version 12.00
# Visual Studio Version 17
VisualStudioVersion = 17.10.35122.118
MinimumVisualStudioVersion = 10.0.40219.1
Project("{FAE04EC0-301F-11D3-BF4B-00C04F79EFBC}") = "DemoHTML", "DemoHTML\DemoHTML.csproj", "{9B33F5D8-0C33-4140-BDD3-C34F192DFF21}"
EndProject
Project("{FAE04EC0-301F-11D3-BF4B-00C04F79EFBC}") = "BootstrapDemos", "BootstrapDemos\BootstrapDemos.csproj", "{1891F53C-ED9B-4847-B672-6436CE797E3E}"
EndProject
Project("{FAE04EC0-301F-11D3-BF4B-00C04F79EFBC}") = "JQueryDemo", "JQueryDemo\JQueryDemo.csproj", "{AE1845D8-832B-4CC8-AABC-3FF83C37BF41}"
EndProject
Global
	GlobalSection(SolutionConfigurationPlatforms) = preSolution
		Debug|Any CPU = Debug|Any CPU
		Release|Any CPU = Release|Any CPU
	EndGlobalSection
	GlobalSection(ProjectConfigurationPlatforms) = postSolution
		{9B33F5D8-0C33-4140-BDD3-C34F192DFF21}.Debug|Any CPU.ActiveCfg = Debug|Any CPU
		{9B33F5D8-0C33-4140-BDD3-C34F192DFF21}.Debug|Any CPU.Build.0 = Debug|Any CPU
		{9B33F5D8-0C33-4140-BDD3-C34F192DFF21}.Release|Any CPU.ActiveCfg = Release|Any CPU
		{9B33F5D8-0C33-4140-BDD3-C34F192DFF21}.Release|Any CPU.Build.0 = Release|Any CPU
		{1891F53C-ED9B-4847-B672-6436CE797E3E}.Debug|Any CPU.ActiveCfg = Debug|Any CPU
		{1891F53C-ED9B-4847-B672-6436CE797E3E}.Debug|Any CPU.Build.0 = Debug|Any CPU
		{1891F53C-ED9B-4847-B672-6436CE797E3E}.Release|Any CPU.ActiveCfg = Release|Any CPU
		{1891F53C-ED9B-4847-B672-6436CE797E3E}.Release|Any CPU.Build.0 = Release|Any CPU
		{AE1845D8-832B-4CC8-AABC-3FF83C37BF41}.Debug|Any CPU.ActiveCfg = Debug|Any CPU
		{AE1845D8-832B-4CC8-AABC-3FF83C37BF41}.Debug|Any CPU.Build.0 = Debug|Any CPU
		{AE1845D8-832B-4CC8-AABC-3FF83C37BF41}.Release|Any CPU.ActiveCfg = Release|Any CPU
		{AE1845D8-832B-4CC8-AABC-3FF83C37BF41}.Release|Any CPU.Build.0 = Release|Any CPU
	EndGlobalSection
	GlobalSection(SolutionProperties) = preSolution
		HideSolutionNode = FALSE
	EndGlobalSection
	GlobalSection(ExtensibilityGlobals) = postSolution
		SolutionGuid = {FE7096E9-2C79-4B76-9492-17BA10ABA9FC}
	EndGlobalSection
EndGlobal
